// !$*UTF8*$!
{
	archiveVersion = 1;
	classes = {
	};
	objectVersion = 46;
	objects = {

/* Begin PBXBuildFile section */
		CD09077D1C66DA900092AA0E /* AppDelegate.swift in Sources */ = {isa = PBXBuildFile; fileRef = CD09077C1C66DA900092AA0E /* AppDelegate.swift */; };
		CD09077F1C66DA900092AA0E /* ViewController.swift in Sources */ = {isa = PBXBuildFile; fileRef = CD09077E1C66DA900092AA0E /* ViewController.swift */; };
		CD0907821C66DA900092AA0E /* Main.storyboard in Resources */ = {isa = PBXBuildFile; fileRef = CD0907801C66DA900092AA0E /* Main.storyboard */; };
		CD0907841C66DA900092AA0E /* Assets.xcassets in Resources */ = {isa = PBXBuildFile; fileRef = CD0907831C66DA900092AA0E /* Assets.xcassets */; };
		CD0907871C66DA900092AA0E /* LaunchScreen.storyboard in Resources */ = {isa = PBXBuildFile; fileRef = CD0907851C66DA900092AA0E /* LaunchScreen.storyboard */; };
/* End PBXBuildFile section */

/* Begin PBXFileReference section */
		CD0907791C66DA900092AA0E /* show_web(swift_snippet).app */ = {isa = PBXFileReference; explicitFileType = wrapper.application; includeInIndex = 0; path = "show_web(swift_snippet).app"; sourceTree = BUILT_PRODUCTS_DIR; };
		CD09077C1C66DA900092AA0E /* AppDelegate.swift */ = {isa = PBXFileReference; lastKnownFileType = sourcecode.swift; path = AppDelegate.swift; sourceTree = "<group>"; };
		CD09077E1C66DA900092AA0E /* ViewController.swift */ = {isa = PBXFileReference; lastKnownFileType = sourcecode.swift; path = ViewController.swift; sourceTree = "<group>"; };
		CD0907811C66DA900092AA0E /* Base */ = {isa = PBXFileReference; lastKnownFileType = file.storyboard; name = Base; path = Base.lproj/Main.storyboard; sourceTree = "<group>"; };
		CD0907831C66DA900092AA0E /* Assets.xcassets */ = {isa = PBXFileReference; lastKnownFileType = folder.assetcatalog; path = Assets.xcassets; sourceTree = "<group>"; };
		CD0907861C66DA900092AA0E /* Base */ = {isa = PBXFileReference; lastKnownFileType = file.storyboard; name = Base; path = Base.lproj/LaunchScreen.storyboard; sourceTree = "<group>"; };
		CD0907881C66DA900092AA0E /* Info.plist */ = {isa = PBXFileReference; lastKnownFileType = text.plist.xml; path = Info.plist; sourceTree = "<group>"; };
/* End PBXFileReference section */

/* Begin PBXFrameworksBuildPhase section */
		CD0907761C66DA900092AA0E /* Frameworks */ = {
			isa = PBXFrameworksBuildPhase;
			buildActionMask = 2147483647;
			files = (
			);
			runOnlyForDeploymentPostprocessing = 0;
		};
/* End PBXFrameworksBuildPhase section */

/* Begin PBXGroup section */
		CD0907701C66DA900092AA0E = {
			isa = PBXGroup;
			children = (
				CD09077B1C66DA900092AA0E /* show_web(swift_snippet) */,
				CD09077A1C66DA900092AA0E /* Products */,
			);
			sourceTree = "<group>";
		};
		CD09077A1C66DA900092AA0E /* Products */ = {
			isa = PBXGroup;
			children = (
				CD0907791C66DA900092AA0E /* show_web(swift_snippet).app */,
			);
			name = Products;
			sourceTree = "<group>";
		};
		CD09077B1C66DA900092AA0E /* show_web(swift_snippet) */ = {
			isa = PBXGroup;
			children = (
				CD09077C1C66DA900092AA0E /* AppDelegate.swift */,
				CD09077E1C66DA900092AA0E /* ViewController.swift */,
				CD0907801C66DA900092AA0E /* Main.storyboard */,
				CD0907831C66DA900092AA0E /* Assets.xcassets */,
				CD0907851C66DA900092AA0E /* LaunchScreen.storyboard */,
				CD0907881C66DA900092AA0E /* Info.plist */,
			);
			path = "show_web(swift_snippet)";
			sourceTree = "<group>";
		};
/* End PBXGroup section */

/* Begin PBXNativeTarget section */
		CD0907781C66DA900092AA0E /* show_web(swift_snippet) */ = {
			isa = PBXNativeTarget;
			buildConfigurationList = CD09078B1C66DA900092AA0E /* Build configuration list for PBXNativeTarget "show_web(swift_snippet)" */;
			buildPhases = (
				CD0907751C66DA900092AA0E /* Sources */,
				CD0907761C66DA900092AA0E /* Frameworks */,
				CD0907771C66DA900092AA0E /* Resources */,
			);
			buildRules = (
			);
			dependencies = (
			);
			name = "show_web(swift_snippet)";
			productName = "show_web(swift_snippet)";
			productReference = CD0907791C66DA900092AA0E /* show_web(swift_snippet).app */;
			productType = "com.apple.product-type.application";
		};
/* End PBXNativeTarget section */

/* Begin PBXProject section */
		CD0907711C66DA900092AA0E /* Project object */ = {
			isa = PBXProject;
			attributes = {
				LastSwiftUpdateCheck = 0720;
				LastUpgradeCheck = 0720;
				ORGANIZATIONNAME = tyoko;
				TargetAttributes = {
					CD0907781C66DA900092AA0E = {
						CreatedOnToolsVersion = 7.2;
					};
				};
			};
			buildConfigurationList = CD0907741C66DA900092AA0E /* Build configuration list for PBXProject "show_web(swift_snippet)" */;
			compatibilityVersion = "Xcode 3.2";
			developmentRegion = English;
			hasScannedForEncodings = 0;
			knownRegions = (
				en,
				Base,
			);
			mainGroup = CD0907701C66DA900092AA0E;
			productRefGroup = CD09077A1C66DA900092AA0E /* Products */;
			projectDirPath = "";
			projectRoot = "";
			targets = (
				CD0907781C66DA900092AA0E /* show_web(swift_snippet) */,
			);
		};
/* End PBXProject section */

/* Begin PBXResourcesBuildPhase section */
		CD0907771C66DA900092AA0E /* Resources */ = {
			isa = PBXResourcesBuildPhase;
			buildActionMask = 2147483647;
			files = (
				CD0907871C66DA900092AA0E /* LaunchScreen.storyboard in Resources */,
				CD0907841C66DA900092AA0E /* Assets.xcassets in Resources */,
				CD0907821C66DA900092AA0E /* Main.storyboard in Resources */,
			);
			runOnlyForDeploymentPostprocessing = 0;
		};
/* End PBXResourcesBuildPhase section */

/* Begin PBXSourcesBuildPhase section */
		CD0907751C66DA900092AA0E /* Sources */ = {
			isa = PBXSourcesBuildPhase;
			buildActionMask = 2147483647;
			files = (
				CD09077F1C66DA900092AA0E /* ViewController.swift in Sources */,
				CD09077D1C66DA900092AA0E /* AppDelegate.swift in Sources */,
			);
			runOnlyForDeploymentPostprocessing = 0;
		};
/* End PBXSourcesBuildPhase section */

/* Begin PBXVariantGroup section */
		CD0907801C66DA900092AA0E /* Main.storyboard */ = {
			isa = PBXVariantGroup;
			children = (
				CD0907811C66DA900092AA0E /* Base */,
			);
			name = Main.storyboard;
			sourceTree = "<group>";
		};
		CD0907851C66DA900092AA0E /* LaunchScreen.storyboard */ = {
			isa = PBXVariantGroup;
			children = (
				CD0907861C66DA900092AA0E /* Base */,
			);
			name = LaunchScreen.storyboard;
			sourceTree = "<group>";
		};
/* End PBXVariantGroup section */

/* Begin XCBuildConfiguration section */
		CD0907891C66DA900092AA0E /* Debug */ = {
			isa = XCBuildConfiguration;
			buildSettings = {
				ALWAYS_SEARCH_USER_PATHS = NO;
				CLANG_CXX_LANGUAGE_STANDARD = "gnu++0x";
				CLANG_CXX_LIBRARY = "libc++";
				CLANG_ENABLE_MODULES = YES;
				CLANG_ENABLE_OBJC_ARC = YES;
				CLANG_WARN_BOOL_CONVERSION = YES;
				CLANG_WARN_CONSTANT_CONVERSION = YES;
				CLANG_WARN_DIRECT_OBJC_ISA_USAGE = YES_ERROR;
				CLANG_WARN_EMPTY_BODY = YES;
				CLANG_WARN_ENUM_CONVERSION = YES;
				CLANG_WARN_INT_CONVERSION = YES;
				CLANG_WARN_OBJC_ROOT_CLASS = YES_ERROR;
				CLANG_WARN_UNREACHABLE_CODE = YES;
				CLANG_WARN__DUPLICATE_METHOD_MATCH = YES;
				"CODE_SIGN_IDENTITY[sdk=iphoneos*]" = "iPhone Developer";
				COPY_PHASE_STRIP = NO;
				DEBUG_INFORMATION_FORMAT = dwarf;
				ENABLE_STRICT_OBJC_MSGSEND = YES;
				ENABLE_TESTABILITY = YES;
				GCC_C_LANGUAGE_STANDARD = gnu99;
				GCC_DYNAMIC_NO_PIC = NO;
				GCC_NO_COMMON_BLOCKS = YES;
				GCC_OPTIMIZATION_LEVEL = 0;
				GCC_PREPROCESSOR_DEFINITIONS = (
					"DEBUG=1",
					"$(inherited)",
				);
				GCC_WARN_64_TO_32_BIT_CONVERSION = YES;
				GCC_WARN_ABOUT_RETURN_TYPE = YES_ERROR;
				GCC_WARN_UNDECLARED_SELECTOR = YES;
				GCC_WARN_UNINITIALIZED_AUTOS = YES_AGGRESSIVE;
				GCC_WARN_UNUSED_FUNCTION = YES;
				GCC_WARN_UNUSED_VARIABLE = YES;
				IPHONEOS_DEPLOYMENT_TARGET = 9.2;
				MTL_ENABLE_DEBUG_INFO = YES;
				ONLY_ACTIVE_ARCH = YES;
				SDKROOT = iphoneos;
				SWIFT_OPTIMIZATION_LEVEL = "-Onone";
			};
			name = Debug;
		};
		CD09078A1C66DA900092AA0E /* Release */ = {
			isa = XCBuildConfiguration;
			buildSettings = {
				ALWAYS_SEARCH_USER_PATHS = NO;
				CLANG_CXX_LANGUAGE_STANDARD = "gnu++0x";
				CLANG_CXX_LIBRARY = "libc++";
				CLANG_ENABLE_MODULES = YES;
				CLANG_ENABLE_OBJC_ARC = YES;
				CLANG_WARN_BOOL_CONVERSION = YES;
				CLANG_WARN_CONSTANT_CONVERSION = YES;
				CLANG_WARN_DIRECT_OBJC_ISA_USAGE = YES_ERROR;
				CLANG_WARN_EMPTY_BODY = YES;
				CLANG_WARN_ENUM_CONVERSION = YES;
				CLANG_WARN_INT_CONVERSION = YES;
				CLANG_WARN_OBJC_ROOT_CLASS = YES_ERROR;
				CLANG_WARN_UNREACHABLE_CODE = YES;
				CLANG_WARN__DUPLICATE_METHOD_MATCH = YES;
				"CODE_SIGN_IDENTITY[sdk=iphoneos*]" = "iPhone Developer";
				COPY_PHASE_STRIP = NO;
				DEBUG_INFORMATION_FORMAT = "dwarf-with-dsym";
				ENABLE_NS_ASSERTIONS = NO;
				ENABLE_STRICT_OBJC_MSGSEND = YES;
				GCC_C_LANGUAGE_STANDARD = gnu99;
				GCC_NO_COMMON_BLOCKS = YES;
				GCC_WARN_64_TO_32_BIT_CONVERSION = YES;
				GCC_WARN_ABOUT_RETURN_TYPE = YES_ERROR;
				GCC_WARN_UNDECLARED_SELECTOR = YES;
				GCC_WARN_UNINITIALIZED_AUTOS = YES_AGGRESSIVE;
				GCC_WARN_UNUSED_FUNCTION = YES;
				GCC_WARN_UNUSED_VARIABLE = YES;
				IPHONEOS_DEPLOYMENT_TARGET = 9.2;
				MTL_ENABLE_DEBUG_INFO = NO;
				SDKROOT = iphoneos;
				VALIDATE_PRODUCT = YES;
			};
			name = Release;
		};
		CD09078C1C66DA900092AA0E /* Debug */ = {
			isa = XCBuildConfiguration;
			buildSettings = {
				ASSETCATALOG_COMPILER_APPICON_NAME = AppIcon;
				INFOPLIST_FILE = "show_web(swift_snippet)/Info.plist";
				LD_RUNPATH_SEARCH_PATHS = "$(inherited) @executable_path/Frameworks";
				PRODUCT_BUNDLE_IDENTIFIER = "yoko.show-web-swift-snippet-";
				PRODUCT_NAME = "$(TARGET_NAME)";
			};
			name = Debug;
		};
		CD09078D1C66DA900092AA0E /* Release */ = {
			isa = XCBuildConfiguration;
			buildSettings = {
				ASSETCATALOG_COMPILER_APPICON_NAME = AppIcon;
				INFOPLIST_FILE = "show_web(swift_snippet)/Info.plist";
				LD_RUNPATH_SEARCH_PATHS = "$(inherited) @executable_path/Frameworks";
				PRODUCT_BUNDLE_IDENTIFIER = "yoko.show-web-swift-snippet-";
				PRODUCT_NAME = "$(TARGET_NAME)";
			};
			name = Release;
		};
/* End XCBuildConfiguration section */

/* Begin XCConfigurationList section */
		CD0907741C66DA900092AA0E /* Build configuration list for PBXProject "show_web(swift_snippet)" */ = {
			isa = XCConfigurationList;
			buildConfigurations = (
				CD0907891C66DA900092AA0E /* Debug */,
				CD09078A1C66DA900092AA0E /* Release */,
			);
			defaultConfigurationIsVisible = 0;
			defaultConfigurationName = Release;
		};
		CD09078B1C66DA900092AA0E /* Build configuration list for PBXNativeTarget "show_web(swift_snippet)" */ = {
			isa = XCConfigurationList;
			buildConfigurations = (
				CD09078C1C66DA900092AA0E /* Debug */,
				CD09078D1C66DA900092AA0E /* Release */,
			);
			defaultConfigurationIsVisible = 0;
		};
/* End XCConfigurationList section */
	};
	rootObject = CD0907711C66DA900092AA0E /* Project object */;
}
